
Microsoft Visual Studio Solution File, Format Version 12.00
# Visual Studio Version 16
VisualStudioVersion = 16.0.30907.101
MinimumVisualStudioVersion = 10.0.40219.1
Project("{FAE04EC0-301F-11D3-BF4B-00C04F79EFBC}") = "Excercise5Garage", "Excercise5Garage\Excercise5Garage.csproj", "{C92674BE-061E-45E3-9199-D3D180E586E7}"
EndProject
Project("{FAE04EC0-301F-11D3-BF4B-00C04F79EFBC}") = "NUnitExcercise5Garage.Tests", "NUnitExcercise5Garage.Tests\NUnitExcercise5Garage.Tests.csproj", "{AC459040-C1BD-4EFF-BFA8-F98FB3799D9B}"
EndProject
Global
	GlobalSection(SolutionConfigurationPlatforms) = preSolution
		Debug|Any CPU = Debug|Any CPU
		Release|Any CPU = Release|Any CPU
	EndGlobalSection
	GlobalSection(ProjectConfigurationPlatforms) = postSolution
		{C92674BE-061E-45E3-9199-D3D180E586E7}.Debug|Any CPU.ActiveCfg = Debug|Any CPU
		{C92674BE-061E-45E3-9199-D3D180E586E7}.Debug|Any CPU.Build.0 = Debug|Any CPU
		{C92674BE-061E-45E3-9199-D3D180E586E7}.Release|Any CPU.ActiveCfg = Release|Any CPU
		{C92674BE-061E-45E3-9199-D3D180E586E7}.Release|Any CPU.Build.0 = Release|Any CPU
		{AC459040-C1BD-4EFF-BFA8-F98FB3799D9B}.Debug|Any CPU.ActiveCfg = Debug|Any CPU
		{AC459040-C1BD-4EFF-BFA8-F98FB3799D9B}.Debug|Any CPU.Build.0 = Debug|Any CPU
		{AC459040-C1BD-4EFF-BFA8-F98FB3799D9B}.Release|Any CPU.ActiveCfg = Release|Any CPU
		{AC459040-C1BD-4EFF-BFA8-F98FB3799D9B}.Release|Any CPU.Build.0 = Release|Any CPU
	EndGlobalSection
	GlobalSection(SolutionProperties) = preSolution
		HideSolutionNode = FALSE
	EndGlobalSection
	GlobalSection(ExtensibilityGlobals) = postSolution
		SolutionGuid = {D9A3BCAD-2417-4CFE-8565-7588676DCBA0}
	EndGlobalSection
EndGlobal
